
Microsoft Visual Studio Solution File, Format Version 12.00
# Visual Studio 15
VisualStudioVersion = 15.0.27130.2010
MinimumVisualStudioVersion = 10.0.40219.1
Project("{FAE04EC0-301F-11D3-BF4B-00C04F79EFBC}") = "Sample", "Sample\Sample.csproj", "{A588DB17-BAE2-4767-A8E9-C07018587203}"
EndProject
Project("{FAE04EC0-301F-11D3-BF4B-00C04F79EFBC}") = "Sample.Tests", "Sample.Tests\Sample.Tests.csproj", "{7AACB7CE-DBA5-4789-AEBC-10CC3F39941A}"
EndProject
Global
	GlobalSection(SolutionConfigurationPlatforms) = preSolution
		Debug|Any CPU = Debug|Any CPU
		Release|Any CPU = Release|Any CPU
	EndGlobalSection
	GlobalSection(ProjectConfigurationPlatforms) = postSolution
		{A588DB17-BAE2-4767-A8E9-C07018587203}.Debug|Any CPU.ActiveCfg = Debug|Any CPU
		{A588DB17-BAE2-4767-A8E9-C07018587203}.Debug|Any CPU.Build.0 = Debug|Any CPU
		{A588DB17-BAE2-4767-A8E9-C07018587203}.Release|Any CPU.ActiveCfg = Release|Any CPU
		{A588DB17-BAE2-4767-A8E9-C07018587203}.Release|Any CPU.Build.0 = Release|Any CPU
		{7AACB7CE-DBA5-4789-AEBC-10CC3F39941A}.Debug|Any CPU.ActiveCfg = Debug|Any CPU
		{7AACB7CE-DBA5-4789-AEBC-10CC3F39941A}.Debug|Any CPU.Build.0 = Debug|Any CPU
		{7AACB7CE-DBA5-4789-AEBC-10CC3F39941A}.Release|Any CPU.ActiveCfg = Release|Any CPU
		{7AACB7CE-DBA5-4789-AEBC-10CC3F39941A}.Release|Any CPU.Build.0 = Release|Any CPU
	EndGlobalSection
	GlobalSection(SolutionProperties) = preSolution
		HideSolutionNode = FALSE
	EndGlobalSection
	GlobalSection(ExtensibilityGlobals) = postSolution
		SolutionGuid = {5D477600-F6B9-4D00-B8C7-FB372053881E}
	EndGlobalSection
EndGlobal
